
Microsoft Visual Studio Solution File, Format Version 12.00
# Visual Studio Version 17
VisualStudioVersion = 17.6.33815.320
MinimumVisualStudioVersion = 10.0.40219.1
Project("{FAE04EC0-301F-11D3-BF4B-00C04F79EFBC}") = "value to img", "value to img\value to img.csproj", "{D39A2689-CCAF-4206-84C3-EEFA1225212E}"
EndProject
Global
	GlobalSection(SolutionConfigurationPlatforms) = preSolution
		Debug|Any CPU = Debug|Any CPU
		Release|Any CPU = Release|Any CPU
	EndGlobalSection
	GlobalSection(ProjectConfigurationPlatforms) = postSolution
		{D39A2689-CCAF-4206-84C3-EEFA1225212E}.Debug|Any CPU.ActiveCfg = Debug|Any CPU
		{D39A2689-CCAF-4206-84C3-EEFA1225212E}.Debug|Any CPU.Build.0 = Debug|Any CPU
		{D39A2689-CCAF-4206-84C3-EEFA1225212E}.Release|Any CPU.ActiveCfg = Release|Any CPU
		{D39A2689-CCAF-4206-84C3-EEFA1225212E}.Release|Any CPU.Build.0 = Release|Any CPU
	EndGlobalSection
	GlobalSection(SolutionProperties) = preSolution
		HideSolutionNode = FALSE
	EndGlobalSection
	GlobalSection(ExtensibilityGlobals) = postSolution
		SolutionGuid = {7E3CFCCF-1E00-481E-9BEB-DD95340BD929}
	EndGlobalSection
EndGlobal
